
Microsoft Visual Studio Solution File, Format Version 12.00
# Visual Studio Version 17
VisualStudioVersion = 17.6.33829.357
MinimumVisualStudioVersion = 10.0.40219.1
Project("{FAE04EC0-301F-11D3-BF4B-00C04F79EFBC}") = "backendShop", "backendShop\backendShop.csproj", "{6F9D607E-3F15-4AF9-8A4B-0BBD24188DD0}"
EndProject
Global
	GlobalSection(SolutionConfigurationPlatforms) = preSolution
		Debug|Any CPU = Debug|Any CPU
		Release|Any CPU = Release|Any CPU
	EndGlobalSection
	GlobalSection(ProjectConfigurationPlatforms) = postSolution
		{6F9D607E-3F15-4AF9-8A4B-0BBD24188DD0}.Debug|Any CPU.ActiveCfg = Debug|Any CPU
		{6F9D607E-3F15-4AF9-8A4B-0BBD24188DD0}.Debug|Any CPU.Build.0 = Debug|Any CPU
		{6F9D607E-3F15-4AF9-8A4B-0BBD24188DD0}.Release|Any CPU.ActiveCfg = Release|Any CPU
		{6F9D607E-3F15-4AF9-8A4B-0BBD24188DD0}.Release|Any CPU.Build.0 = Release|Any CPU
	EndGlobalSection
	GlobalSection(SolutionProperties) = preSolution
		HideSolutionNode = FALSE
	EndGlobalSection
	GlobalSection(ExtensibilityGlobals) = postSolution
		SolutionGuid = {4AB2121C-367C-4F33-9503-C0023E157355}
	EndGlobalSection
EndGlobal
